// !$*UTF8*$!
{
	archiveVersion = 1;
	classes = {
	};
	objectVersion = 56;
	objects = {

/* Begin PBXBuildFile section */
		4C0503602B00CCE40042BDEA /* PaymentView.swift in Sources */ = {isa = PBXBuildFile; fileRef = 4C05035F2B00CCE40042BDEA /* PaymentView.swift */; };
		4C0503622B010D960042BDEA /* CustomToolbar.swift in Sources */ = {isa = PBXBuildFile; fileRef = 4C0503612B010D960042BDEA /* CustomToolbar.swift */; };
		4C0C08CF2B029BC100207617 /* FloatingButtonView.swift in Sources */ = {isa = PBXBuildFile; fileRef = 4C0C08CE2B029BC100207617 /* FloatingButtonView.swift */; };
		4C0C08D52B05D4FC00207617 /* DeleteTransactionUseCase.swift in Sources */ = {isa = PBXBuildFile; fileRef = 4C0C08D42B05D4FC00207617 /* DeleteTransactionUseCase.swift */; };
		4C0C08D72B066F6000207617 /* Logger.swift in Sources */ = {isa = PBXBuildFile; fileRef = 4C0C08D62B066F6000207617 /* Logger.swift */; };
		4C0D6F332AE3424A00C74BF7 /* RoundedCornerShape.swift in Sources */ = {isa = PBXBuildFile; fileRef = 4C0D6F322AE3424A00C74BF7 /* RoundedCornerShape.swift */; };
		4C0D6F352AE348E700C74BF7 /* RevenueCardView.swift in Sources */ = {isa = PBXBuildFile; fileRef = 4C0D6F342AE348E700C74BF7 /* RevenueCardView.swift */; };
		4C0D6F372AE3DD4A00C74BF7 /* ChartView.swift in Sources */ = {isa = PBXBuildFile; fileRef = 4C0D6F362AE3DD4A00C74BF7 /* ChartView.swift */; };
		4C0D6F392AE422F800C74BF7 /* Date+Ext.swift in Sources */ = {isa = PBXBuildFile; fileRef = 4C0D6F382AE422F800C74BF7 /* Date+Ext.swift */; };
		4C25362D2AE4EC7200DACB6E /* ScanQRView.swift in Sources */ = {isa = PBXBuildFile; fileRef = 4C25362C2AE4EC7200DACB6E /* ScanQRView.swift */; };
		4C3374672B3522B500FEB4A0 /* WatchConnector.swift in Sources */ = {isa = PBXBuildFile; fileRef = 4C3374662B3522B500FEB4A0 /* WatchConnector.swift */; };
		4C3374692B35262200FEB4A0 /* WatchViewModel.swift in Sources */ = {isa = PBXBuildFile; fileRef = 4C3374682B35262200FEB4A0 /* WatchViewModel.swift */; };
		4C33746A2B353F6400FEB4A0 /* WatchConnectivity.framework in Frameworks */ = {isa = PBXBuildFile; fileRef = 4C3AE50F2B327E9F00C36EEB /* WatchConnectivity.framework */; };
		4C33746F2B35673700FEB4A0 /* WatchConnector.swift in Sources */ = {isa = PBXBuildFile; fileRef = 4C3374662B3522B500FEB4A0 /* WatchConnector.swift */; };
		4C3AE5392B32C32100C36EEB /* skripsi_watchApp.swift in Sources */ = {isa = PBXBuildFile; fileRef = 4C3AE5382B32C32100C36EEB /* skripsi_watchApp.swift */; };
		4C3AE53B2B32C32100C36EEB /* ContentView.swift in Sources */ = {isa = PBXBuildFile; fileRef = 4C3AE53A2B32C32100C36EEB /* ContentView.swift */; };
		4C3AE53D2B32C32300C36EEB /* Assets.xcassets in Resources */ = {isa = PBXBuildFile; fileRef = 4C3AE53C2B32C32300C36EEB /* Assets.xcassets */; };
		4C3AE5402B32C32300C36EEB /* Preview Assets.xcassets in Resources */ = {isa = PBXBuildFile; fileRef = 4C3AE53F2B32C32300C36EEB /* Preview Assets.xcassets */; };
		4C3AE5432B32C32300C36EEB /* skripsi-watch Watch App.app in Embed Watch Content */ = {isa = PBXBuildFile; fileRef = 4C3AE5362B32C32100C36EEB /* skripsi-watch Watch App.app */; settings = {ATTRIBUTES = (RemoveHeadersOnCopy, ); }; };
		4C3AE5472B32C36500C36EEB /* Colors+Ext.swift in Sources */ = {isa = PBXBuildFile; fileRef = 4C6A289B2ADA967C0097FAB1 /* Colors+Ext.swift */; };
		4C3AE54B2B32D31800C36EEB /* ReportView.swift in Sources */ = {isa = PBXBuildFile; fileRef = 4C3AE54A2B32D31800C36EEB /* ReportView.swift */; };
		4C3AE54D2B32D38E00C36EEB /* TodayRevenueView.swift in Sources */ = {isa = PBXBuildFile; fileRef = 4C3AE54C2B32D38E00C36EEB /* TodayRevenueView.swift */; };
		4C3AE54F2B32D4A100C36EEB /* MonthlyRevenueView.swift in Sources */ = {isa = PBXBuildFile; fileRef = 4C3AE54E2B32D4A100C36EEB /* MonthlyRevenueView.swift */; };
		4C3AE5522B32DAC200C36EEB /* Int+Ext.swift in Sources */ = {isa = PBXBuildFile; fileRef = 4C9271532B284F91009409ED /* Int+Ext.swift */; };
		4C3AE5552B33281B00C36EEB /* TransactionModel.swift in Sources */ = {isa = PBXBuildFile; fileRef = 4C98BEE82AE6A29C00482D25 /* TransactionModel.swift */; };
		4C3AE5562B33282000C36EEB /* ItemModel.swift in Sources */ = {isa = PBXBuildFile; fileRef = 4C98BEEA2AE6A2E300482D25 /* ItemModel.swift */; };
		4C3AE5572B33282300C36EEB /* CategoryModel.swift in Sources */ = {isa = PBXBuildFile; fileRef = 4C98BEE62AE6A1D000482D25 /* CategoryModel.swift */; };
		4C3AE5592B332F4A00C36EEB /* ImagePicker.swift in Sources */ = {isa = PBXBuildFile; fileRef = 4C3AE5582B332F4A00C36EEB /* ImagePicker.swift */; };
		4C3AE55B2B33D49D00C36EEB /* Camera+Ext.swift in Sources */ = {isa = PBXBuildFile; fileRef = 4C3AE55A2B33D49D00C36EEB /* Camera+Ext.swift */; };
		4C3AE55D2B33D4CA00C36EEB /* CameraServices+Enum.swift in Sources */ = {isa = PBXBuildFile; fileRef = 4C3AE55C2B33D4CA00C36EEB /* CameraServices+Enum.swift */; };
		4C3AE5602B33D50100C36EEB /* CameraServices.swift in Sources */ = {isa = PBXBuildFile; fileRef = 4C3AE55F2B33D50100C36EEB /* CameraServices.swift */; };
		4C3AE5622B33D52700C36EEB /* ImageResizer.swift in Sources */ = {isa = PBXBuildFile; fileRef = 4C3AE5612B33D52700C36EEB /* ImageResizer.swift */; };
		4C3AE5642B33D54400C36EEB /* PhotoCaptureProcessor.swift in Sources */ = {isa = PBXBuildFile; fileRef = 4C3AE5632B33D54400C36EEB /* PhotoCaptureProcessor.swift */; };
		4C3AE5662B33D7B700C36EEB /* CameraPreview.swift in Sources */ = {isa = PBXBuildFile; fileRef = 4C3AE5652B33D7B700C36EEB /* CameraPreview.swift */; };
		4C3F7FB22B351ECA00D3AD57 /* Alamofire in Frameworks */ = {isa = PBXBuildFile; productRef = 4C3F7FB12B351ECA00D3AD57 /* Alamofire */; };
		4C3F7FB42B351EF800D3AD57 /* FirebaseAnalytics in Frameworks */ = {isa = PBXBuildFile; productRef = 4C3F7FB32B351EF800D3AD57 /* FirebaseAnalytics */; };
		4C3F7FB62B351EF800D3AD57 /* FirebaseAnalyticsSwift in Frameworks */ = {isa = PBXBuildFile; productRef = 4C3F7FB52B351EF800D3AD57 /* FirebaseAnalyticsSwift */; };
		4C3F7FB82B351EF800D3AD57 /* FirebaseAppCheck in Frameworks */ = {isa = PBXBuildFile; productRef = 4C3F7FB72B351EF800D3AD57 /* FirebaseAppCheck */; };
		4C3F7FBA2B351EF800D3AD57 /* FirebaseAuth in Frameworks */ = {isa = PBXBuildFile; productRef = 4C3F7FB92B351EF800D3AD57 /* FirebaseAuth */; };
		4C3F7FBC2B351EF800D3AD57 /* FirebaseFirestore in Frameworks */ = {isa = PBXBuildFile; productRef = 4C3F7FBB2B351EF800D3AD57 /* FirebaseFirestore */; };
		4C3F7FBE2B351EF800D3AD57 /* FirebaseFirestoreSwift in Frameworks */ = {isa = PBXBuildFile; productRef = 4C3F7FBD2B351EF800D3AD57 /* FirebaseFirestoreSwift */; };
		4C3F7FC02B351EF800D3AD57 /* FirebaseStorage in Frameworks */ = {isa = PBXBuildFile; productRef = 4C3F7FBF2B351EF800D3AD57 /* FirebaseStorage */; };
		4C583EB92B0092540066C4E4 /* Router.swift in Sources */ = {isa = PBXBuildFile; fileRef = 4C583EB82B0092540066C4E4 /* Router.swift */; };
		4C591F762B1E183600B82C9C /* StatisticViewModel.swift in Sources */ = {isa = PBXBuildFile; fileRef = 4C591F752B1E183600B82C9C /* StatisticViewModel.swift */; };
		4C67122E2B21F6710038933D /* TotalOmzetUseCase.swift in Sources */ = {isa = PBXBuildFile; fileRef = 4C67122D2B21F6710038933D /* TotalOmzetUseCase.swift */; };
		4C6712302B21F9AD0038933D /* TotalProfitUseCase.swift in Sources */ = {isa = PBXBuildFile; fileRef = 4C67122F2B21F9AD0038933D /* TotalProfitUseCase.swift */; };
		4C6A28942ADA960A0097FAB1 /* UserDefault.swift in Sources */ = {isa = PBXBuildFile; fileRef = 4C6A28932ADA960A0097FAB1 /* UserDefault.swift */; };
		4C6A28962ADA962D0097FAB1 /* SettingsManager.swift in Sources */ = {isa = PBXBuildFile; fileRef = 4C6A28952ADA962D0097FAB1 /* SettingsManager.swift */; };
		4C6A28982ADA964F0097FAB1 /* BaseUseCase.swift in Sources */ = {isa = PBXBuildFile; fileRef = 4C6A28972ADA964F0097FAB1 /* BaseUseCase.swift */; };
		4C6A289A2ADA96640097FAB1 /* Optional+Ext.swift in Sources */ = {isa = PBXBuildFile; fileRef = 4C6A28992ADA96640097FAB1 /* Optional+Ext.swift */; };
		4C6A289C2ADA967C0097FAB1 /* Colors+Ext.swift in Sources */ = {isa = PBXBuildFile; fileRef = 4C6A289B2ADA967C0097FAB1 /* Colors+Ext.swift */; };
		4C6A289F2ADA98230097FAB1 /* Rounded+Ext.swift in Sources */ = {isa = PBXBuildFile; fileRef = 4C6A289E2ADA98230097FAB1 /* Rounded+Ext.swift */; };
		4C6A28A12ADA98500097FAB1 /* ShimmerModifier.swift in Sources */ = {isa = PBXBuildFile; fileRef = 4C6A28A02ADA98500097FAB1 /* ShimmerModifier.swift */; };
		4C6A28AD2ADA9A720097FAB1 /* HomeViewModel.swift in Sources */ = {isa = PBXBuildFile; fileRef = 4C6A28AC2ADA9A720097FAB1 /* HomeViewModel.swift */; };
		4C6A28B12ADA9A830097FAB1 /* HomeView.swift in Sources */ = {isa = PBXBuildFile; fileRef = 4C6A28B02ADA9A830097FAB1 /* HomeView.swift */; };
		4C6A28B32ADBA64D0097FAB1 /* HistoryTransactionCard.swift in Sources */ = {isa = PBXBuildFile; fileRef = 4C6A28B22ADBA64D0097FAB1 /* HistoryTransactionCard.swift */; };
		4C6A28B62ADC1D8A0097FAB1 /* DetailHistoryView.swift in Sources */ = {isa = PBXBuildFile; fileRef = 4C6A28B52ADC1D8A0097FAB1 /* DetailHistoryView.swift */; };
		4C6A28C02ADC26290097FAB1 /* StatisticsView.swift in Sources */ = {isa = PBXBuildFile; fileRef = 4C6A28BF2ADC26290097FAB1 /* StatisticsView.swift */; };
		4C6A28C22ADCDCE50097FAB1 /* PromoCardView.swift in Sources */ = {isa = PBXBuildFile; fileRef = 4C6A28C12ADCDCE50097FAB1 /* PromoCardView.swift */; };
		4C6A28C42ADD72BD0097FAB1 /* FoodListView.swift in Sources */ = {isa = PBXBuildFile; fileRef = 4C6A28C32ADD72BD0097FAB1 /* FoodListView.swift */; };
		4C731E992ADA8B6300B60760 /* skripsiApp.swift in Sources */ = {isa = PBXBuildFile; fileRef = 4C731E982ADA8B6300B60760 /* skripsiApp.swift */; };
		4C731E9B2ADA8B6300B60760 /* ContentView.swift in Sources */ = {isa = PBXBuildFile; fileRef = 4C731E9A2ADA8B6300B60760 /* ContentView.swift */; };
		4C731E9D2ADA8B6400B60760 /* Assets.xcassets in Resources */ = {isa = PBXBuildFile; fileRef = 4C731E9C2ADA8B6400B60760 /* Assets.xcassets */; };
		4C731EA02ADA8B6400B60760 /* Preview Assets.xcassets in Resources */ = {isa = PBXBuildFile; fileRef = 4C731E9F2ADA8B6400B60760 /* Preview Assets.xcassets */; };
		4C7B94312B24051100179A1F /* AddTransactionUseCase.swift in Sources */ = {isa = PBXBuildFile; fileRef = 4C7B94302B24051100179A1F /* AddTransactionUseCase.swift */; };
		4C8E6D8E2AFE157300D853C6 /* TransactionResponse.swift in Sources */ = {isa = PBXBuildFile; fileRef = 4C8E6D8D2AFE157300D853C6 /* TransactionResponse.swift */; };
		4C8E6D902AFE290F00D853C6 /* TransactionRepository.swift in Sources */ = {isa = PBXBuildFile; fileRef = 4C8E6D8F2AFE290F00D853C6 /* TransactionRepository.swift */; };
		4C8E6D932AFE5FB200D853C6 /* GetTransactionUseCase.swift in Sources */ = {isa = PBXBuildFile; fileRef = 4C8E6D922AFE5FB200D853C6 /* GetTransactionUseCase.swift */; };
		4C9271542B284F91009409ED /* Int+Ext.swift in Sources */ = {isa = PBXBuildFile; fileRef = 4C9271532B284F91009409ED /* Int+Ext.swift */; };
		4C9753EE2B2C2DD9008BF421 /* SwipeActionModifier.swift in Sources */ = {isa = PBXBuildFile; fileRef = 4C9753ED2B2C2DD9008BF421 /* SwipeActionModifier.swift */; };
		4C9753F42B2EFFB6008BF421 /* CameraView.swift in Sources */ = {isa = PBXBuildFile; fileRef = 4C9753F32B2EFFB6008BF421 /* CameraView.swift */; };
		4C98BEE72AE6A1D000482D25 /* CategoryModel.swift in Sources */ = {isa = PBXBuildFile; fileRef = 4C98BEE62AE6A1D000482D25 /* CategoryModel.swift */; };
		4C98BEE92AE6A29C00482D25 /* TransactionModel.swift in Sources */ = {isa = PBXBuildFile; fileRef = 4C98BEE82AE6A29C00482D25 /* TransactionModel.swift */; };
		4C98BEEB2AE6A2E300482D25 /* ItemModel.swift in Sources */ = {isa = PBXBuildFile; fileRef = 4C98BEEA2AE6A2E300482D25 /* ItemModel.swift */; };
		4C98BEEF2AE6A7B600482D25 /* RemoteDataSource.swift in Sources */ = {isa = PBXBuildFile; fileRef = 4C98BEEE2AE6A7B600482D25 /* RemoteDataSource.swift */; };
		4C98BEF62AE6AA0C00482D25 /* ItemResponse.swift in Sources */ = {isa = PBXBuildFile; fileRef = 4C98BEF52AE6AA0C00482D25 /* ItemResponse.swift */; };
		4C98BEF82AE6BA1200482D25 /* CategoryRepository.swift in Sources */ = {isa = PBXBuildFile; fileRef = 4C98BEF72AE6BA1200482D25 /* CategoryRepository.swift */; };
		4C98BEFA2AE6BAE200482D25 /* ItemRepository.swift in Sources */ = {isa = PBXBuildFile; fileRef = 4C98BEF92AE6BAE200482D25 /* ItemRepository.swift */; };
		4C98BEFD2AE6BE6600482D25 /* GetCategoriesUseCase.swift in Sources */ = {isa = PBXBuildFile; fileRef = 4C98BEFC2AE6BE6600482D25 /* GetCategoriesUseCase.swift */; };
		4C98BF002AE6BF0300482D25 /* GetItemsUseCase.swift in Sources */ = {isa = PBXBuildFile; fileRef = 4C98BEFF2AE6BF0300482D25 /* GetItemsUseCase.swift */; };
		4C98BF022AE921BB00482D25 /* FoodListViewModel.swift in Sources */ = {isa = PBXBuildFile; fileRef = 4C98BF012AE921BB00482D25 /* FoodListViewModel.swift */; };
		4C98BF042AE9281900482D25 /* CategoryResponse.swift in Sources */ = {isa = PBXBuildFile; fileRef = 4C98BF032AE9281900482D25 /* CategoryResponse.swift */; };
		4C98BF192AE956D100482D25 /* GoogleService-Info.plist in Resources */ = {isa = PBXBuildFile; fileRef = 4C98BF182AE956D100482D25 /* GoogleService-Info.plist */; };
		4CF1D18A2AE2C194007B72DE /* ItemFoodCardView.swift in Sources */ = {isa = PBXBuildFile; fileRef = 4CF1D1892AE2C194007B72DE /* ItemFoodCardView.swift */; };
/* End PBXBuildFile section */

/* Begin PBXContainerItemProxy section */
		4C3F7FC52B351FCA00D3AD57 /* PBXContainerItemProxy */ = {
			isa = PBXContainerItemProxy;
			containerPortal = 4C731E8D2ADA8B6300B60760 /* Project object */;
			proxyType = 1;
			remoteGlobalIDString = 4C3AE5352B32C32100C36EEB;
			remoteInfo = "skripsi-watch Watch App";
		};
/* End PBXContainerItemProxy section */

/* Begin PBXCopyFilesBuildPhase section */
		4C92716E2B2B0821009409ED /* Embed Watch Content */ = {
			isa = PBXCopyFilesBuildPhase;
			buildActionMask = 2147483647;
			dstPath = "$(CONTENTS_FOLDER_PATH)/Watch";
			dstSubfolderSpec = 16;
			files = (
				4C3AE5432B32C32300C36EEB /* skripsi-watch Watch App.app in Embed Watch Content */,
			);
			name = "Embed Watch Content";
			runOnlyForDeploymentPostprocessing = 0;
		};
/* End PBXCopyFilesBuildPhase section */

/* Begin PBXFileReference section */
		4C05035F2B00CCE40042BDEA /* PaymentView.swift */ = {isa = PBXFileReference; lastKnownFileType = sourcecode.swift; path = PaymentView.swift; sourceTree = "<group>"; };
		4C0503612B010D960042BDEA /* CustomToolbar.swift */ = {isa = PBXFileReference; lastKnownFileType = sourcecode.swift; path = CustomToolbar.swift; sourceTree = "<group>"; };
		4C0C08CE2B029BC100207617 /* FloatingButtonView.swift */ = {isa = PBXFileReference; lastKnownFileType = sourcecode.swift; path = FloatingButtonView.swift; sourceTree = "<group>"; };
		4C0C08D42B05D4FC00207617 /* DeleteTransactionUseCase.swift */ = {isa = PBXFileReference; lastKnownFileType = sourcecode.swift; path = DeleteTransactionUseCase.swift; sourceTree = "<group>"; };
		4C0C08D62B066F6000207617 /* Logger.swift */ = {isa = PBXFileReference; lastKnownFileType = sourcecode.swift; path = Logger.swift; sourceTree = "<group>"; };
		4C0D6F322AE3424A00C74BF7 /* RoundedCornerShape.swift */ = {isa = PBXFileReference; lastKnownFileType = sourcecode.swift; path = RoundedCornerShape.swift; sourceTree = "<group>"; };
		4C0D6F342AE348E700C74BF7 /* RevenueCardView.swift */ = {isa = PBXFileReference; lastKnownFileType = sourcecode.swift; path = RevenueCardView.swift; sourceTree = "<group>"; };
		4C0D6F362AE3DD4A00C74BF7 /* ChartView.swift */ = {isa = PBXFileReference; lastKnownFileType = sourcecode.swift; path = ChartView.swift; sourceTree = "<group>"; };
		4C0D6F382AE422F800C74BF7 /* Date+Ext.swift */ = {isa = PBXFileReference; lastKnownFileType = sourcecode.swift; path = "Date+Ext.swift"; sourceTree = "<group>"; };
		4C25362C2AE4EC7200DACB6E /* ScanQRView.swift */ = {isa = PBXFileReference; lastKnownFileType = sourcecode.swift; path = ScanQRView.swift; sourceTree = "<group>"; };
		4C3374662B3522B500FEB4A0 /* WatchConnector.swift */ = {isa = PBXFileReference; lastKnownFileType = sourcecode.swift; path = WatchConnector.swift; sourceTree = "<group>"; };
		4C3374682B35262200FEB4A0 /* WatchViewModel.swift */ = {isa = PBXFileReference; lastKnownFileType = sourcecode.swift; path = WatchViewModel.swift; sourceTree = "<group>"; };
		4C33746D2B35469F00FEB4A0 /* Info.plist */ = {isa = PBXFileReference; lastKnownFileType = text.plist; path = Info.plist; sourceTree = "<group>"; };
		4C33746E2B3546AE00FEB4A0 /* skripsi-watch-Watch-App-Info.plist */ = {isa = PBXFileReference; lastKnownFileType = text.plist; path = "skripsi-watch-Watch-App-Info.plist"; sourceTree = SOURCE_ROOT; };
		4C3AE50F2B327E9F00C36EEB /* WatchConnectivity.framework */ = {isa = PBXFileReference; lastKnownFileType = wrapper.framework; name = WatchConnectivity.framework; path = System/Library/Frameworks/WatchConnectivity.framework; sourceTree = SDKROOT; };
		4C3AE5362B32C32100C36EEB /* skripsi-watch Watch App.app */ = {isa = PBXFileReference; explicitFileType = wrapper.application; includeInIndex = 0; path = "skripsi-watch Watch App.app"; sourceTree = BUILT_PRODUCTS_DIR; };
		4C3AE5382B32C32100C36EEB /* skripsi_watchApp.swift */ = {isa = PBXFileReference; lastKnownFileType = sourcecode.swift; path = skripsi_watchApp.swift; sourceTree = "<group>"; };
		4C3AE53A2B32C32100C36EEB /* ContentView.swift */ = {isa = PBXFileReference; lastKnownFileType = sourcecode.swift; path = ContentView.swift; sourceTree = "<group>"; };
		4C3AE53C2B32C32300C36EEB /* Assets.xcassets */ = {isa = PBXFileReference; lastKnownFileType = folder.assetcatalog; path = Assets.xcassets; sourceTree = "<group>"; };
		4C3AE53F2B32C32300C36EEB /* Preview Assets.xcassets */ = {isa = PBXFileReference; lastKnownFileType = folder.assetcatalog; path = "Preview Assets.xcassets"; sourceTree = "<group>"; };
		4C3AE54A2B32D31800C36EEB /* ReportView.swift */ = {isa = PBXFileReference; lastKnownFileType = sourcecode.swift; path = ReportView.swift; sourceTree = "<group>"; };
		4C3AE54C2B32D38E00C36EEB /* TodayRevenueView.swift */ = {isa = PBXFileReference; lastKnownFileType = sourcecode.swift; path = TodayRevenueView.swift; sourceTree = "<group>"; };
		4C3AE54E2B32D4A100C36EEB /* MonthlyRevenueView.swift */ = {isa = PBXFileReference; lastKnownFileType = sourcecode.swift; path = MonthlyRevenueView.swift; sourceTree = "<group>"; };
		4C3AE5582B332F4A00C36EEB /* ImagePicker.swift */ = {isa = PBXFileReference; lastKnownFileType = sourcecode.swift; path = ImagePicker.swift; sourceTree = "<group>"; };
		4C3AE55A2B33D49D00C36EEB /* Camera+Ext.swift */ = {isa = PBXFileReference; lastKnownFileType = sourcecode.swift; path = "Camera+Ext.swift"; sourceTree = "<group>"; };
		4C3AE55C2B33D4CA00C36EEB /* CameraServices+Enum.swift */ = {isa = PBXFileReference; lastKnownFileType = sourcecode.swift; path = "CameraServices+Enum.swift"; sourceTree = "<group>"; };
		4C3AE55F2B33D50100C36EEB /* CameraServices.swift */ = {isa = PBXFileReference; lastKnownFileType = sourcecode.swift; path = CameraServices.swift; sourceTree = "<group>"; };
		4C3AE5612B33D52700C36EEB /* ImageResizer.swift */ = {isa = PBXFileReference; lastKnownFileType = sourcecode.swift; path = ImageResizer.swift; sourceTree = "<group>"; };
		4C3AE5632B33D54400C36EEB /* PhotoCaptureProcessor.swift */ = {isa = PBXFileReference; lastKnownFileType = sourcecode.swift; path = PhotoCaptureProcessor.swift; sourceTree = "<group>"; };
		4C3AE5652B33D7B700C36EEB /* CameraPreview.swift */ = {isa = PBXFileReference; lastKnownFileType = sourcecode.swift; path = CameraPreview.swift; sourceTree = "<group>"; };
		4C583EB82B0092540066C4E4 /* Router.swift */ = {isa = PBXFileReference; lastKnownFileType = sourcecode.swift; path = Router.swift; sourceTree = "<group>"; };
		4C591F752B1E183600B82C9C /* StatisticViewModel.swift */ = {isa = PBXFileReference; lastKnownFileType = sourcecode.swift; path = StatisticViewModel.swift; sourceTree = "<group>"; };
		4C67122D2B21F6710038933D /* TotalOmzetUseCase.swift */ = {isa = PBXFileReference; lastKnownFileType = sourcecode.swift; path = TotalOmzetUseCase.swift; sourceTree = "<group>"; };
		4C67122F2B21F9AD0038933D /* TotalProfitUseCase.swift */ = {isa = PBXFileReference; lastKnownFileType = sourcecode.swift; path = TotalProfitUseCase.swift; sourceTree = "<group>"; };
		4C6A28932ADA960A0097FAB1 /* UserDefault.swift */ = {isa = PBXFileReference; lastKnownFileType = sourcecode.swift; path = UserDefault.swift; sourceTree = "<group>"; };
		4C6A28952ADA962D0097FAB1 /* SettingsManager.swift */ = {isa = PBXFileReference; lastKnownFileType = sourcecode.swift; path = SettingsManager.swift; sourceTree = "<group>"; };
		4C6A28972ADA964F0097FAB1 /* BaseUseCase.swift */ = {isa = PBXFileReference; lastKnownFileType = sourcecode.swift; path = BaseUseCase.swift; sourceTree = "<group>"; };
		4C6A28992ADA96640097FAB1 /* Optional+Ext.swift */ = {isa = PBXFileReference; lastKnownFileType = sourcecode.swift; path = "Optional+Ext.swift"; sourceTree = "<group>"; };
		4C6A289B2ADA967C0097FAB1 /* Colors+Ext.swift */ = {isa = PBXFileReference; lastKnownFileType = sourcecode.swift; path = "Colors+Ext.swift"; sourceTree = "<group>"; };
		4C6A289E2ADA98230097FAB1 /* Rounded+Ext.swift */ = {isa = PBXFileReference; lastKnownFileType = sourcecode.swift; path = "Rounded+Ext.swift"; sourceTree = "<group>"; };
		4C6A28A02ADA98500097FAB1 /* ShimmerModifier.swift */ = {isa = PBXFileReference; lastKnownFileType = sourcecode.swift; path = ShimmerModifier.swift; sourceTree = "<group>"; };
		4C6A28AC2ADA9A720097FAB1 /* HomeViewModel.swift */ = {isa = PBXFileReference; lastKnownFileType = sourcecode.swift; path = HomeViewModel.swift; sourceTree = "<group>"; };
		4C6A28B02ADA9A830097FAB1 /* HomeView.swift */ = {isa = PBXFileReference; lastKnownFileType = sourcecode.swift; path = HomeView.swift; sourceTree = "<group>"; };
		4C6A28B22ADBA64D0097FAB1 /* HistoryTransactionCard.swift */ = {isa = PBXFileReference; lastKnownFileType = sourcecode.swift; path = HistoryTransactionCard.swift; sourceTree = "<group>"; };
		4C6A28B52ADC1D8A0097FAB1 /* DetailHistoryView.swift */ = {isa = PBXFileReference; lastKnownFileType = sourcecode.swift; path = DetailHistoryView.swift; sourceTree = "<group>"; };
		4C6A28BF2ADC26290097FAB1 /* StatisticsView.swift */ = {isa = PBXFileReference; lastKnownFileType = sourcecode.swift; path = StatisticsView.swift; sourceTree = "<group>"; };
		4C6A28C12ADCDCE50097FAB1 /* PromoCardView.swift */ = {isa = PBXFileReference; lastKnownFileType = sourcecode.swift; path = PromoCardView.swift; sourceTree = "<group>"; };
		4C6A28C32ADD72BD0097FAB1 /* FoodListView.swift */ = {isa = PBXFileReference; lastKnownFileType = sourcecode.swift; path = FoodListView.swift; sourceTree = "<group>"; };
		4C731E952ADA8B6300B60760 /* skripsi.app */ = {isa = PBXFileReference; explicitFileType = wrapper.application; includeInIndex = 0; path = skripsi.app; sourceTree = BUILT_PRODUCTS_DIR; };
		4C731E982ADA8B6300B60760 /* skripsiApp.swift */ = {isa = PBXFileReference; lastKnownFileType = sourcecode.swift; path = skripsiApp.swift; sourceTree = "<group>"; };
		4C731E9A2ADA8B6300B60760 /* ContentView.swift */ = {isa = PBXFileReference; lastKnownFileType = sourcecode.swift; path = ContentView.swift; sourceTree = "<group>"; };
		4C731E9C2ADA8B6400B60760 /* Assets.xcassets */ = {isa = PBXFileReference; lastKnownFileType = folder.assetcatalog; path = Assets.xcassets; sourceTree = "<group>"; };
		4C731E9F2ADA8B6400B60760 /* Preview Assets.xcassets */ = {isa = PBXFileReference; lastKnownFileType = folder.assetcatalog; path = "Preview Assets.xcassets"; sourceTree = "<group>"; };
		4C7B94302B24051100179A1F /* AddTransactionUseCase.swift */ = {isa = PBXFileReference; lastKnownFileType = sourcecode.swift; path = AddTransactionUseCase.swift; sourceTree = "<group>"; };
		4C8E6D8D2AFE157300D853C6 /* TransactionResponse.swift */ = {isa = PBXFileReference; lastKnownFileType = sourcecode.swift; path = TransactionResponse.swift; sourceTree = "<group>"; };
		4C8E6D8F2AFE290F00D853C6 /* TransactionRepository.swift */ = {isa = PBXFileReference; lastKnownFileType = sourcecode.swift; path = TransactionRepository.swift; sourceTree = "<group>"; };
		4C8E6D922AFE5FB200D853C6 /* GetTransactionUseCase.swift */ = {isa = PBXFileReference; lastKnownFileType = sourcecode.swift; path = GetTransactionUseCase.swift; sourceTree = "<group>"; };
		4C9271532B284F91009409ED /* Int+Ext.swift */ = {isa = PBXFileReference; lastKnownFileType = sourcecode.swift; path = "Int+Ext.swift"; sourceTree = "<group>"; };
		4C9753ED2B2C2DD9008BF421 /* SwipeActionModifier.swift */ = {isa = PBXFileReference; lastKnownFileType = sourcecode.swift; path = SwipeActionModifier.swift; sourceTree = "<group>"; };
		4C9753F32B2EFFB6008BF421 /* CameraView.swift */ = {isa = PBXFileReference; lastKnownFileType = sourcecode.swift; path = CameraView.swift; sourceTree = "<group>"; };
		4C98BEE62AE6A1D000482D25 /* CategoryModel.swift */ = {isa = PBXFileReference; lastKnownFileType = sourcecode.swift; path = CategoryModel.swift; sourceTree = "<group>"; };
		4C98BEE82AE6A29C00482D25 /* TransactionModel.swift */ = {isa = PBXFileReference; lastKnownFileType = sourcecode.swift; path = TransactionModel.swift; sourceTree = "<group>"; };
		4C98BEEA2AE6A2E300482D25 /* ItemModel.swift */ = {isa = PBXFileReference; lastKnownFileType = sourcecode.swift; path = ItemModel.swift; sourceTree = "<group>"; };
		4C98BEEE2AE6A7B600482D25 /* RemoteDataSource.swift */ = {isa = PBXFileReference; lastKnownFileType = sourcecode.swift; path = RemoteDataSource.swift; sourceTree = "<group>"; };
		4C98BEF52AE6AA0C00482D25 /* ItemResponse.swift */ = {isa = PBXFileReference; lastKnownFileType = sourcecode.swift; path = ItemResponse.swift; sourceTree = "<group>"; };
		4C98BEF72AE6BA1200482D25 /* CategoryRepository.swift */ = {isa = PBXFileReference; lastKnownFileType = sourcecode.swift; path = CategoryRepository.swift; sourceTree = "<group>"; };
		4C98BEF92AE6BAE200482D25 /* ItemRepository.swift */ = {isa = PBXFileReference; lastKnownFileType = sourcecode.swift; path = ItemRepository.swift; sourceTree = "<group>"; };
		4C98BEFC2AE6BE6600482D25 /* GetCategoriesUseCase.swift */ = {isa = PBXFileReference; lastKnownFileType = sourcecode.swift; path = GetCategoriesUseCase.swift; sourceTree = "<group>"; };
		4C98BEFF2AE6BF0300482D25 /* GetItemsUseCase.swift */ = {isa = PBXFileReference; lastKnownFileType = sourcecode.swift; path = GetItemsUseCase.swift; sourceTree = "<group>"; };
		4C98BF012AE921BB00482D25 /* FoodListViewModel.swift */ = {isa = PBXFileReference; lastKnownFileType = sourcecode.swift; path = FoodListViewModel.swift; sourceTree = "<group>"; };
		4C98BF032AE9281900482D25 /* CategoryResponse.swift */ = {isa = PBXFileReference; lastKnownFileType = sourcecode.swift; path = CategoryResponse.swift; sourceTree = "<group>"; };
		4C98BF182AE956D100482D25 /* GoogleService-Info.plist */ = {isa = PBXFileReference; fileEncoding = 4; lastKnownFileType = text.plist.xml; path = "GoogleService-Info.plist"; sourceTree = "<group>"; };
		4CF1D1892AE2C194007B72DE /* ItemFoodCardView.swift */ = {isa = PBXFileReference; lastKnownFileType = sourcecode.swift; path = ItemFoodCardView.swift; sourceTree = "<group>"; };
/* End PBXFileReference section */

/* Begin PBXFrameworksBuildPhase section */
		4C3AE5332B32C32100C36EEB /* Frameworks */ = {
			isa = PBXFrameworksBuildPhase;
			buildActionMask = 2147483647;
			files = (
			);
			runOnlyForDeploymentPostprocessing = 0;
		};
		4C731E922ADA8B6300B60760 /* Frameworks */ = {
			isa = PBXFrameworksBuildPhase;
			buildActionMask = 2147483647;
			files = (
				4C3F7FB82B351EF800D3AD57 /* FirebaseAppCheck in Frameworks */,
				4C3F7FBA2B351EF800D3AD57 /* FirebaseAuth in Frameworks */,
				4C3F7FB62B351EF800D3AD57 /* FirebaseAnalyticsSwift in Frameworks */,
				4C3F7FBE2B351EF800D3AD57 /* FirebaseFirestoreSwift in Frameworks */,
				4C3F7FB42B351EF800D3AD57 /* FirebaseAnalytics in Frameworks */,
				4C33746A2B353F6400FEB4A0 /* WatchConnectivity.framework in Frameworks */,
				4C3F7FC02B351EF800D3AD57 /* FirebaseStorage in Frameworks */,
				4C3F7FB22B351ECA00D3AD57 /* Alamofire in Frameworks */,
				4C3F7FBC2B351EF800D3AD57 /* FirebaseFirestore in Frameworks */,
			);
			runOnlyForDeploymentPostprocessing = 0;
		};
/* End PBXFrameworksBuildPhase section */

/* Begin PBXGroup section */
		4C0D6F2D2AE2D3AF00C74BF7 /* SubView */ = {
			isa = PBXGroup;
			children = (
				4CF1D1892AE2C194007B72DE /* ItemFoodCardView.swift */,
				4C25362C2AE4EC7200DACB6E /* ScanQRView.swift */,
				4C9753F32B2EFFB6008BF421 /* CameraView.swift */,
				4C05035F2B00CCE40042BDEA /* PaymentView.swift */,
				4C3AE5582B332F4A00C36EEB /* ImagePicker.swift */,
			);
			path = SubView;
			sourceTree = "<group>";
		};
		4C3374652B3522A700FEB4A0 /* WatchConnector */ = {
			isa = PBXGroup;
			children = (
				4C3374662B3522B500FEB4A0 /* WatchConnector.swift */,
			);
			path = WatchConnector;
			sourceTree = "<group>";
		};
		4C3AE5372B32C32100C36EEB /* skripsi-watch Watch App */ = {
			isa = PBXGroup;
			children = (
				4C33746E2B3546AE00FEB4A0 /* skripsi-watch-Watch-App-Info.plist */,
				4C3AE5482B32D2E100C36EEB /* Features */,
				4C3AE5382B32C32100C36EEB /* skripsi_watchApp.swift */,
				4C3AE53A2B32C32100C36EEB /* ContentView.swift */,
				4C3AE53C2B32C32300C36EEB /* Assets.xcassets */,
				4C3AE53E2B32C32300C36EEB /* Preview Content */,
			);
			path = "skripsi-watch Watch App";
			sourceTree = "<group>";
		};
		4C3AE53E2B32C32300C36EEB /* Preview Content */ = {
			isa = PBXGroup;
			children = (
				4C3AE53F2B32C32300C36EEB /* Preview Assets.xcassets */,
			);
			path = "Preview Content";
			sourceTree = "<group>";
		};
		4C3AE5482B32D2E100C36EEB /* Features */ = {
			isa = PBXGroup;
			children = (
				4C3AE5512B32D9CA00C36EEB /* Components */,
				4C3AE5502B32D9BE00C36EEB /* MonthlyRevenue */,
				4C3AE5492B32D2F200C36EEB /* TodayRevenue */,
				4C3374682B35262200FEB4A0 /* WatchViewModel.swift */,
			);
			path = Features;
			sourceTree = "<group>";
		};
		4C3AE5492B32D2F200C36EEB /* TodayRevenue */ = {
			isa = PBXGroup;
			children = (
				4C3AE54C2B32D38E00C36EEB /* TodayRevenueView.swift */,
			);
			path = TodayRevenue;
			sourceTree = "<group>";
		};
		4C3AE5502B32D9BE00C36EEB /* MonthlyRevenue */ = {
			isa = PBXGroup;
			children = (
				4C3AE54E2B32D4A100C36EEB /* MonthlyRevenueView.swift */,
			);
			path = MonthlyRevenue;
			sourceTree = "<group>";
		};
		4C3AE5512B32D9CA00C36EEB /* Components */ = {
			isa = PBXGroup;
			children = (
				4C3AE54A2B32D31800C36EEB /* ReportView.swift */,
			);
			path = Components;
			sourceTree = "<group>";
		};
		4C3AE55E2B33D4EF00C36EEB /* CameraServices */ = {
			isa = PBXGroup;
			children = (
				4C3AE55F2B33D50100C36EEB /* CameraServices.swift */,
				4C3AE5612B33D52700C36EEB /* ImageResizer.swift */,
				4C3AE5632B33D54400C36EEB /* PhotoCaptureProcessor.swift */,
				4C3AE5652B33D7B700C36EEB /* CameraPreview.swift */,
			);
			path = CameraServices;
			sourceTree = "<group>";
		};
		4C583EB72B00924B0066C4E4 /* Router */ = {
			isa = PBXGroup;
			children = (
				4C583EB82B0092540066C4E4 /* Router.swift */,
			);
			path = Router;
			sourceTree = "<group>";
		};
		4C6A28812ADA94BE0097FAB1 /* Resources */ = {
			isa = PBXGroup;
			children = (
				4C731E9C2ADA8B6400B60760 /* Assets.xcassets */,
				4C731E9E2ADA8B6400B60760 /* Preview Content */,
			);
			path = Resources;
			sourceTree = "<group>";
		};
		4C6A28822ADA94DA0097FAB1 /* Domain */ = {
			isa = PBXGroup;
			children = (
				4C6A28862ADA95230097FAB1 /* UseCases */,
				4C6A28872ADA952B0097FAB1 /* Models */,
			);
			path = Domain;
			sourceTree = "<group>";
		};
		4C6A28832ADA94DF0097FAB1 /* Commons */ = {
			isa = PBXGroup;
			children = (
				4C3374652B3522A700FEB4A0 /* WatchConnector */,
				4C3AE55E2B33D4EF00C36EEB /* CameraServices */,
				4C583EB72B00924B0066C4E4 /* Router */,
				4C6A288B2ADA95510097FAB1 /* Constants */,
				4C6A288A2ADA954B0097FAB1 /* Utils */,
				4C6A28892ADA95440097FAB1 /* Components */,
				4C6A28882ADA953D0097FAB1 /* Modifier */,
			);
			path = Commons;
			sourceTree = "<group>";
		};
		4C6A28842ADA94EB0097FAB1 /* Data */ = {
			isa = PBXGroup;
			children = (
				4C6A288D2ADA95680097FAB1 /* Repository */,
				4C6A288C2ADA95610097FAB1 /* DataSource */,
			);
			path = Data;
			sourceTree = "<group>";
		};
		4C6A28852ADA94F10097FAB1 /* Features */ = {
			isa = PBXGroup;
			children = (
				4C6A28A22ADA98680097FAB1 /* OnBoarding */,
				4C6A28902ADA958B0097FAB1 /* Transaction */,
				4C6A288F2ADA95830097FAB1 /* Statistics */,
				4C6A288E2ADA957E0097FAB1 /* Home */,
			);
			path = Features;
			sourceTree = "<group>";
		};
		4C6A28862ADA95230097FAB1 /* UseCases */ = {
			isa = PBXGroup;
			children = (
				4C8E6D912AFE5FA200D853C6 /* Transaction */,
				4C98BEFE2AE6BEF100482D25 /* Items */,
				4C98BEFB2AE6BE5100482D25 /* Categories */,
			);
			path = UseCases;
			sourceTree = "<group>";
		};
		4C6A28872ADA952B0097FAB1 /* Models */ = {
			isa = PBXGroup;
			children = (
				4C98BEE62AE6A1D000482D25 /* CategoryModel.swift */,
				4C98BEE82AE6A29C00482D25 /* TransactionModel.swift */,
				4C98BEEA2AE6A2E300482D25 /* ItemModel.swift */,
			);
			name = Models;
			sourceTree = "<group>";
		};
		4C6A28882ADA953D0097FAB1 /* Modifier */ = {
			isa = PBXGroup;
			children = (
				4C6A28A02ADA98500097FAB1 /* ShimmerModifier.swift */,
				4C0D6F322AE3424A00C74BF7 /* RoundedCornerShape.swift */,
				4C9753ED2B2C2DD9008BF421 /* SwipeActionModifier.swift */,
				4C3AE55C2B33D4CA00C36EEB /* CameraServices+Enum.swift */,
			);
			path = Modifier;
			sourceTree = "<group>";
		};
		4C6A28892ADA95440097FAB1 /* Components */ = {
			isa = PBXGroup;
			children = (
				4C6A28C12ADCDCE50097FAB1 /* PromoCardView.swift */,
				4C0503612B010D960042BDEA /* CustomToolbar.swift */,
				4C0C08CE2B029BC100207617 /* FloatingButtonView.swift */,
			);
			path = Components;
			sourceTree = "<group>";
		};
		4C6A288A2ADA954B0097FAB1 /* Utils */ = {
			isa = PBXGroup;
			children = (
				4C6A28972ADA964F0097FAB1 /* BaseUseCase.swift */,
				4C6A28992ADA96640097FAB1 /* Optional+Ext.swift */,
				4C6A289B2ADA967C0097FAB1 /* Colors+Ext.swift */,
				4C6A289E2ADA98230097FAB1 /* Rounded+Ext.swift */,
				4C0D6F382AE422F800C74BF7 /* Date+Ext.swift */,
				4C0C08D62B066F6000207617 /* Logger.swift */,
				4C9271532B284F91009409ED /* Int+Ext.swift */,
				4C3AE55A2B33D49D00C36EEB /* Camera+Ext.swift */,
			);
			path = Utils;
			sourceTree = "<group>";
		};
		4C6A288B2ADA95510097FAB1 /* Constants */ = {
			isa = PBXGroup;
			children = (
				4C6A28932ADA960A0097FAB1 /* UserDefault.swift */,
				4C6A28952ADA962D0097FAB1 /* SettingsManager.swift */,
			);
			path = Constants;
			sourceTree = "<group>";
		};
		4C6A288C2ADA95610097FAB1 /* DataSource */ = {
			isa = PBXGroup;
			children = (
				4C6A28922ADA95D30097FAB1 /* Local */,
				4C6A28912ADA95CD0097FAB1 /* Remote */,
			);
			path = DataSource;
			sourceTree = "<group>";
		};
		4C6A288D2ADA95680097FAB1 /* Repository */ = {
			isa = PBXGroup;
			children = (
				4C98BEF72AE6BA1200482D25 /* CategoryRepository.swift */,
				4C98BEF92AE6BAE200482D25 /* ItemRepository.swift */,
				4C8E6D8F2AFE290F00D853C6 /* TransactionRepository.swift */,
			);
			path = Repository;
			sourceTree = "<group>";
		};
		4C6A288E2ADA957E0097FAB1 /* Home */ = {
			isa = PBXGroup;
			children = (
				4C6A28AB2ADA9A6A0097FAB1 /* ViewModel */,
				4C6A28AA2ADA9A650097FAB1 /* View */,
			);
			path = Home;
			sourceTree = "<group>";
		};
		4C6A288F2ADA95830097FAB1 /* Statistics */ = {
			isa = PBXGroup;
			children = (
				4C6A28BA2ADC26010097FAB1 /* ViewModel */,
				4C6A28B92ADC25FB0097FAB1 /* View */,
			);
			path = Statistics;
			sourceTree = "<group>";
		};
		4C6A28902ADA958B0097FAB1 /* Transaction */ = {
			isa = PBXGroup;
			children = (
				4C6A28BC2ADC260D0097FAB1 /* ViewModel */,
				4C6A28BB2ADC260A0097FAB1 /* View */,
			);
			path = Transaction;
			sourceTree = "<group>";
		};
		4C6A28912ADA95CD0097FAB1 /* Remote */ = {
			isa = PBXGroup;
			children = (
				4C98BEF02AE6A83600482D25 /* Responses */,
				4C98BEEE2AE6A7B600482D25 /* RemoteDataSource.swift */,
			);
			path = Remote;
			sourceTree = "<group>";
		};
		4C6A28922ADA95D30097FAB1 /* Local */ = {
			isa = PBXGroup;
			children = (
			);
			path = Local;
			sourceTree = "<group>";
		};
		4C6A28A22ADA98680097FAB1 /* OnBoarding */ = {
			isa = PBXGroup;
			children = (
				4C6A28BE2ADC26160097FAB1 /* ViewModel */,
				4C6A28BD2ADC26130097FAB1 /* View */,
			);
			path = OnBoarding;
			sourceTree = "<group>";
		};
		4C6A28AA2ADA9A650097FAB1 /* View */ = {
			isa = PBXGroup;
			children = (
				4C6A28B42ADC1D7C0097FAB1 /* SubView */,
				4C6A28B02ADA9A830097FAB1 /* HomeView.swift */,
			);
			path = View;
			sourceTree = "<group>";
		};
		4C6A28AB2ADA9A6A0097FAB1 /* ViewModel */ = {
			isa = PBXGroup;
			children = (
				4C6A28AC2ADA9A720097FAB1 /* HomeViewModel.swift */,
			);
			path = ViewModel;
			sourceTree = "<group>";
		};
		4C6A28B42ADC1D7C0097FAB1 /* SubView */ = {
			isa = PBXGroup;
			children = (
				4C6A28B22ADBA64D0097FAB1 /* HistoryTransactionCard.swift */,
				4C6A28B52ADC1D8A0097FAB1 /* DetailHistoryView.swift */,
			);
			path = SubView;
			sourceTree = "<group>";
		};
		4C6A28B92ADC25FB0097FAB1 /* View */ = {
			isa = PBXGroup;
			children = (
				4C98BEDA2AE5476100482D25 /* SubView */,
				4C6A28BF2ADC26290097FAB1 /* StatisticsView.swift */,
			);
			path = View;
			sourceTree = "<group>";
		};
		4C6A28BA2ADC26010097FAB1 /* ViewModel */ = {
			isa = PBXGroup;
			children = (
				4C591F752B1E183600B82C9C /* StatisticViewModel.swift */,
			);
			path = ViewModel;
			sourceTree = "<group>";
		};
		4C6A28BB2ADC260A0097FAB1 /* View */ = {
			isa = PBXGroup;
			children = (
				4C0D6F2D2AE2D3AF00C74BF7 /* SubView */,
				4C6A28C32ADD72BD0097FAB1 /* FoodListView.swift */,
			);
			path = View;
			sourceTree = "<group>";
		};
		4C6A28BC2ADC260D0097FAB1 /* ViewModel */ = {
			isa = PBXGroup;
			children = (
				4C98BF012AE921BB00482D25 /* FoodListViewModel.swift */,
			);
			path = ViewModel;
			sourceTree = "<group>";
		};
		4C6A28BD2ADC26130097FAB1 /* View */ = {
			isa = PBXGroup;
			children = (
			);
			path = View;
			sourceTree = "<group>";
		};
		4C6A28BE2ADC26160097FAB1 /* ViewModel */ = {
			isa = PBXGroup;
			children = (
			);
			path = ViewModel;
			sourceTree = "<group>";
		};
		4C731E8C2ADA8B6300B60760 = {
			isa = PBXGroup;
			children = (
				4C98BF182AE956D100482D25 /* GoogleService-Info.plist */,
				4C731E972ADA8B6300B60760 /* skripsi */,
				4C3AE5372B32C32100C36EEB /* skripsi-watch Watch App */,
				4C731E962ADA8B6300B60760 /* Products */,
				4C98BF072AE92A7600482D25 /* Frameworks */,
			);
			sourceTree = "<group>";
		};
		4C731E962ADA8B6300B60760 /* Products */ = {
			isa = PBXGroup;
			children = (
				4C731E952ADA8B6300B60760 /* skripsi.app */,
				4C3AE5362B32C32100C36EEB /* skripsi-watch Watch App.app */,
			);
			name = Products;
			sourceTree = "<group>";
		};
		4C731E972ADA8B6300B60760 /* skripsi */ = {
			isa = PBXGroup;
			children = (
				4C33746D2B35469F00FEB4A0 /* Info.plist */,
				4C6A28832ADA94DF0097FAB1 /* Commons */,
				4C6A28822ADA94DA0097FAB1 /* Domain */,
				4C6A28842ADA94EB0097FAB1 /* Data */,
				4C6A28852ADA94F10097FAB1 /* Features */,
				4C731E982ADA8B6300B60760 /* skripsiApp.swift */,
				4C731E9A2ADA8B6300B60760 /* ContentView.swift */,
				4C6A28812ADA94BE0097FAB1 /* Resources */,
			);
			path = skripsi;
			sourceTree = "<group>";
		};
		4C731E9E2ADA8B6400B60760 /* Preview Content */ = {
			isa = PBXGroup;
			children = (
				4C731E9F2ADA8B6400B60760 /* Preview Assets.xcassets */,
			);
			path = "Preview Content";
			sourceTree = "<group>";
		};
		4C8E6D8C2AFE155600D853C6 /* Transactions */ = {
			isa = PBXGroup;
			children = (
				4C8E6D8D2AFE157300D853C6 /* TransactionResponse.swift */,
			);
			path = Transactions;
			sourceTree = "<group>";
		};
		4C8E6D912AFE5FA200D853C6 /* Transaction */ = {
			isa = PBXGroup;
			children = (
				4C8E6D922AFE5FB200D853C6 /* GetTransactionUseCase.swift */,
				4C7B94302B24051100179A1F /* AddTransactionUseCase.swift */,
				4C0C08D42B05D4FC00207617 /* DeleteTransactionUseCase.swift */,
				4C67122D2B21F6710038933D /* TotalOmzetUseCase.swift */,
				4C67122F2B21F9AD0038933D /* TotalProfitUseCase.swift */,
			);
			path = Transaction;
			sourceTree = "<group>";
		};
		4C98BEDA2AE5476100482D25 /* SubView */ = {
			isa = PBXGroup;
			children = (
				4C0D6F342AE348E700C74BF7 /* RevenueCardView.swift */,
				4C0D6F362AE3DD4A00C74BF7 /* ChartView.swift */,
			);
			path = SubView;
			sourceTree = "<group>";
		};
		4C98BEF02AE6A83600482D25 /* Responses */ = {
			isa = PBXGroup;
			children = (
				4C8E6D8C2AFE155600D853C6 /* Transactions */,
				4C98BEF42AE6AA0400482D25 /* Items */,
				4C98BEF32AE6A84B00482D25 /* Categories */,
			);
			path = Responses;
			sourceTree = "<group>";
		};
		4C98BEF32AE6A84B00482D25 /* Categories */ = {
			isa = PBXGroup;
			children = (
				4C98BF032AE9281900482D25 /* CategoryResponse.swift */,
			);
			path = Categories;
			sourceTree = "<group>";
		};
		4C98BEF42AE6AA0400482D25 /* Items */ = {
			isa = PBXGroup;
			children = (
				4C98BEF52AE6AA0C00482D25 /* ItemResponse.swift */,
			);
			path = Items;
			sourceTree = "<group>";
		};
		4C98BEFB2AE6BE5100482D25 /* Categories */ = {
			isa = PBXGroup;
			children = (
				4C98BEFC2AE6BE6600482D25 /* GetCategoriesUseCase.swift */,
			);
			path = Categories;
			sourceTree = "<group>";
		};
		4C98BEFE2AE6BEF100482D25 /* Items */ = {
			isa = PBXGroup;
			children = (
				4C98BEFF2AE6BF0300482D25 /* GetItemsUseCase.swift */,
			);
			path = Items;
			sourceTree = "<group>";
		};
		4C98BF072AE92A7600482D25 /* Frameworks */ = {
			isa = PBXGroup;
			children = (
				4C3AE50F2B327E9F00C36EEB /* WatchConnectivity.framework */,
			);
			name = Frameworks;
			sourceTree = "<group>";
		};
/* End PBXGroup section */

/* Begin PBXNativeTarget section */
		4C3AE5352B32C32100C36EEB /* skripsi-watch Watch App */ = {
			isa = PBXNativeTarget;
			buildConfigurationList = 4C3AE5442B32C32300C36EEB /* Build configuration list for PBXNativeTarget "skripsi-watch Watch App" */;
			buildPhases = (
				4C3AE5322B32C32100C36EEB /* Sources */,
				4C3AE5332B32C32100C36EEB /* Frameworks */,
				4C3AE5342B32C32100C36EEB /* Resources */,
			);
			buildRules = (
			);
			dependencies = (
			);
			name = "skripsi-watch Watch App";
			productName = "skripsi-watch Watch App";
			productReference = 4C3AE5362B32C32100C36EEB /* skripsi-watch Watch App.app */;
			productType = "com.apple.product-type.application";
		};
		4C731E942ADA8B6300B60760 /* skripsi */ = {
			isa = PBXNativeTarget;
			buildConfigurationList = 4C731EA32ADA8B6400B60760 /* Build configuration list for PBXNativeTarget "skripsi" */;
			buildPhases = (
				4C731E912ADA8B6300B60760 /* Sources */,
				4C731E922ADA8B6300B60760 /* Frameworks */,
				4C731E932ADA8B6300B60760 /* Resources */,
				4C92716E2B2B0821009409ED /* Embed Watch Content */,
			);
			buildRules = (
			);
			dependencies = (
				4C3F7FC62B351FCA00D3AD57 /* PBXTargetDependency */,
			);
			name = skripsi;
			packageProductDependencies = (
				4C3F7FB12B351ECA00D3AD57 /* Alamofire */,
				4C3F7FB32B351EF800D3AD57 /* FirebaseAnalytics */,
				4C3F7FB52B351EF800D3AD57 /* FirebaseAnalyticsSwift */,
				4C3F7FB72B351EF800D3AD57 /* FirebaseAppCheck */,
				4C3F7FB92B351EF800D3AD57 /* FirebaseAuth */,
				4C3F7FBB2B351EF800D3AD57 /* FirebaseFirestore */,
				4C3F7FBD2B351EF800D3AD57 /* FirebaseFirestoreSwift */,
				4C3F7FBF2B351EF800D3AD57 /* FirebaseStorage */,
			);
			productName = skripsi;
			productReference = 4C731E952ADA8B6300B60760 /* skripsi.app */;
			productType = "com.apple.product-type.application";
		};
/* End PBXNativeTarget section */

/* Begin PBXProject section */
		4C731E8D2ADA8B6300B60760 /* Project object */ = {
			isa = PBXProject;
			attributes = {
				BuildIndependentTargetsInParallel = 1;
				LastSwiftUpdateCheck = 1500;
				LastUpgradeCheck = 1500;
				TargetAttributes = {
					4C3AE5352B32C32100C36EEB = {
						CreatedOnToolsVersion = 15.0.1;
					};
					4C731E942ADA8B6300B60760 = {
						CreatedOnToolsVersion = 15.0;
					};
				};
			};
			buildConfigurationList = 4C731E902ADA8B6300B60760 /* Build configuration list for PBXProject "skripsi" */;
			compatibilityVersion = "Xcode 14.0";
			developmentRegion = en;
			hasScannedForEncodings = 0;
			knownRegions = (
				en,
				Base,
			);
			mainGroup = 4C731E8C2ADA8B6300B60760;
			packageReferences = (
				4C98BEDB2AE5737700482D25 /* XCRemoteSwiftPackageReference "firebase-ios-sdk" */,
				4CE238A12AEB9321003D3562 /* XCRemoteSwiftPackageReference "Alamofire" */,
			);
			productRefGroup = 4C731E962ADA8B6300B60760 /* Products */;
			projectDirPath = "";
			projectRoot = "";
			targets = (
				4C731E942ADA8B6300B60760 /* skripsi */,
				4C3AE5352B32C32100C36EEB /* skripsi-watch Watch App */,
			);
		};
/* End PBXProject section */

/* Begin PBXResourcesBuildPhase section */
		4C3AE5342B32C32100C36EEB /* Resources */ = {
			isa = PBXResourcesBuildPhase;
			buildActionMask = 2147483647;
			files = (
				4C3AE5402B32C32300C36EEB /* Preview Assets.xcassets in Resources */,
				4C3AE53D2B32C32300C36EEB /* Assets.xcassets in Resources */,
			);
			runOnlyForDeploymentPostprocessing = 0;
		};
		4C731E932ADA8B6300B60760 /* Resources */ = {
			isa = PBXResourcesBuildPhase;
			buildActionMask = 2147483647;
			files = (
				4C731EA02ADA8B6400B60760 /* Preview Assets.xcassets in Resources */,
				4C98BF192AE956D100482D25 /* GoogleService-Info.plist in Resources */,
				4C731E9D2ADA8B6400B60760 /* Assets.xcassets in Resources */,
			);
			runOnlyForDeploymentPostprocessing = 0;
		};
/* End PBXResourcesBuildPhase section */

/* Begin PBXSourcesBuildPhase section */
		4C3AE5322B32C32100C36EEB /* Sources */ = {
			isa = PBXSourcesBuildPhase;
			buildActionMask = 2147483647;
			files = (
				4C3AE5562B33282000C36EEB /* ItemModel.swift in Sources */,
				4C33746F2B35673700FEB4A0 /* WatchConnector.swift in Sources */,
				4C3AE5552B33281B00C36EEB /* TransactionModel.swift in Sources */,
				4C3374692B35262200FEB4A0 /* WatchViewModel.swift in Sources */,
				4C3AE53B2B32C32100C36EEB /* ContentView.swift in Sources */,
				4C3AE5392B32C32100C36EEB /* skripsi_watchApp.swift in Sources */,
				4C3AE54B2B32D31800C36EEB /* ReportView.swift in Sources */,
				4C3AE54D2B32D38E00C36EEB /* TodayRevenueView.swift in Sources */,
				4C3AE5522B32DAC200C36EEB /* Int+Ext.swift in Sources */,
				4C3AE5572B33282300C36EEB /* CategoryModel.swift in Sources */,
				4C3AE5472B32C36500C36EEB /* Colors+Ext.swift in Sources */,
				4C3AE54F2B32D4A100C36EEB /* MonthlyRevenueView.swift in Sources */,
			);
			runOnlyForDeploymentPostprocessing = 0;
		};
		4C731E912ADA8B6300B60760 /* Sources */ = {
			isa = PBXSourcesBuildPhase;
			buildActionMask = 2147483647;
			files = (
				4C6A28C42ADD72BD0097FAB1 /* FoodListView.swift in Sources */,
				4C98BF002AE6BF0300482D25 /* GetItemsUseCase.swift in Sources */,
				4C98BF022AE921BB00482D25 /* FoodListViewModel.swift in Sources */,
				4C6A28B32ADBA64D0097FAB1 /* HistoryTransactionCard.swift in Sources */,
				4C9271542B284F91009409ED /* Int+Ext.swift in Sources */,
				4C0C08D52B05D4FC00207617 /* DeleteTransactionUseCase.swift in Sources */,
				4C0D6F352AE348E700C74BF7 /* RevenueCardView.swift in Sources */,
				4C6A28962ADA962D0097FAB1 /* SettingsManager.swift in Sources */,
				4C3AE5602B33D50100C36EEB /* CameraServices.swift in Sources */,
				4C6A28AD2ADA9A720097FAB1 /* HomeViewModel.swift in Sources */,
				4C0C08D72B066F6000207617 /* Logger.swift in Sources */,
				4C3AE5642B33D54400C36EEB /* PhotoCaptureProcessor.swift in Sources */,
				4CF1D18A2AE2C194007B72DE /* ItemFoodCardView.swift in Sources */,
				4C3374672B3522B500FEB4A0 /* WatchConnector.swift in Sources */,
				4C6A28C22ADCDCE50097FAB1 /* PromoCardView.swift in Sources */,
				4C6A289F2ADA98230097FAB1 /* Rounded+Ext.swift in Sources */,
				4C98BEEB2AE6A2E300482D25 /* ItemModel.swift in Sources */,
				4C0D6F392AE422F800C74BF7 /* Date+Ext.swift in Sources */,
				4C3AE5662B33D7B700C36EEB /* CameraPreview.swift in Sources */,
				4C98BF042AE9281900482D25 /* CategoryResponse.swift in Sources */,
				4C6A28C02ADC26290097FAB1 /* StatisticsView.swift in Sources */,
				4C98BEFD2AE6BE6600482D25 /* GetCategoriesUseCase.swift in Sources */,
				4C98BEEF2AE6A7B600482D25 /* RemoteDataSource.swift in Sources */,
				4C9753EE2B2C2DD9008BF421 /* SwipeActionModifier.swift in Sources */,
				4C731E9B2ADA8B6300B60760 /* ContentView.swift in Sources */,
				4C6712302B21F9AD0038933D /* TotalProfitUseCase.swift in Sources */,
				4C9753F42B2EFFB6008BF421 /* CameraView.swift in Sources */,
				4C98BEE72AE6A1D000482D25 /* CategoryModel.swift in Sources */,
				4C7B94312B24051100179A1F /* AddTransactionUseCase.swift in Sources */,
				4C67122E2B21F6710038933D /* TotalOmzetUseCase.swift in Sources */,
				4C731E992ADA8B6300B60760 /* skripsiApp.swift in Sources */,
				4C3AE5592B332F4A00C36EEB /* ImagePicker.swift in Sources */,
				4C0D6F332AE3424A00C74BF7 /* RoundedCornerShape.swift in Sources */,
				4C6A28B62ADC1D8A0097FAB1 /* DetailHistoryView.swift in Sources */,
				4C0503622B010D960042BDEA /* CustomToolbar.swift in Sources */,
				4C98BEF62AE6AA0C00482D25 /* ItemResponse.swift in Sources */,
				4C0C08CF2B029BC100207617 /* FloatingButtonView.swift in Sources */,
				4C3AE5622B33D52700C36EEB /* ImageResizer.swift in Sources */,
				4C6A289C2ADA967C0097FAB1 /* Colors+Ext.swift in Sources */,
				4C25362D2AE4EC7200DACB6E /* ScanQRView.swift in Sources */,
				4C0503602B00CCE40042BDEA /* PaymentView.swift in Sources */,
				4C6A28982ADA964F0097FAB1 /* BaseUseCase.swift in Sources */,
				4C583EB92B0092540066C4E4 /* Router.swift in Sources */,
				4C591F762B1E183600B82C9C /* StatisticViewModel.swift in Sources */,
				4C6A28942ADA960A0097FAB1 /* UserDefault.swift in Sources */,
				4C98BEE92AE6A29C00482D25 /* TransactionModel.swift in Sources */,
				4C8E6D8E2AFE157300D853C6 /* TransactionResponse.swift in Sources */,
				4C8E6D932AFE5FB200D853C6 /* GetTransactionUseCase.swift in Sources */,
				4C98BEFA2AE6BAE200482D25 /* ItemRepository.swift in Sources */,
				4C6A28B12ADA9A830097FAB1 /* HomeView.swift in Sources */,
				4C6A289A2ADA96640097FAB1 /* Optional+Ext.swift in Sources */,
				4C8E6D902AFE290F00D853C6 /* TransactionRepository.swift in Sources */,
				4C3AE55B2B33D49D00C36EEB /* Camera+Ext.swift in Sources */,
				4C98BEF82AE6BA1200482D25 /* CategoryRepository.swift in Sources */,
				4C3AE55D2B33D4CA00C36EEB /* CameraServices+Enum.swift in Sources */,
				4C6A28A12ADA98500097FAB1 /* ShimmerModifier.swift in Sources */,
				4C0D6F372AE3DD4A00C74BF7 /* ChartView.swift in Sources */,
			);
			runOnlyForDeploymentPostprocessing = 0;
		};
/* End PBXSourcesBuildPhase section */

/* Begin PBXTargetDependency section */
		4C3F7FC62B351FCA00D3AD57 /* PBXTargetDependency */ = {
			isa = PBXTargetDependency;
			target = 4C3AE5352B32C32100C36EEB /* skripsi-watch Watch App */;
			targetProxy = 4C3F7FC52B351FCA00D3AD57 /* PBXContainerItemProxy */;
		};
/* End PBXTargetDependency section */

/* Begin XCBuildConfiguration section */
		4C3AE5452B32C32300C36EEB /* Debug */ = {
			isa = XCBuildConfiguration;
			buildSettings = {
				ASSETCATALOG_COMPILER_APPICON_NAME = AppIcon;
				ASSETCATALOG_COMPILER_GLOBAL_ACCENT_COLOR_NAME = AccentColor;
				CODE_SIGN_STYLE = Automatic;
				CURRENT_PROJECT_VERSION = 1;
				DEVELOPMENT_ASSET_PATHS = "\"skripsi-watch Watch App/Preview Content\"";
				DEVELOPMENT_TEAM = 8DNTD99SB6;
				ENABLE_PREVIEWS = YES;
				GENERATE_INFOPLIST_FILE = YES;
				INFOPLIST_FILE = "skripsi-watch-Watch-App-Info.plist";
				INFOPLIST_KEY_CFBundleDisplayName = "skripsi-watch";
				INFOPLIST_KEY_UISupportedInterfaceOrientations = "UIInterfaceOrientationPortrait UIInterfaceOrientationPortraitUpsideDown";
				INFOPLIST_KEY_WKCompanionAppBundleIdentifier = com.kuliah.skripsi;
				INFOPLIST_KEY_WKRunsIndependentlyOfCompanionApp = NO;
				LD_RUNPATH_SEARCH_PATHS = (
					"$(inherited)",
					"@executable_path/Frameworks",
				);
				MARKETING_VERSION = 1.0;
				PRODUCT_BUNDLE_IDENTIFIER = com.kuliah.skripsi.watchkitapp;
				PRODUCT_NAME = "$(TARGET_NAME)";
				SDKROOT = watchos;
				SKIP_INSTALL = YES;
				SWIFT_EMIT_LOC_STRINGS = YES;
				SWIFT_VERSION = 5.0;
				TARGETED_DEVICE_FAMILY = 4;
				WATCHOS_DEPLOYMENT_TARGET = 10.0;
			};
			name = Debug;
		};
		4C3AE5462B32C32300C36EEB /* Release */ = {
			isa = XCBuildConfiguration;
			buildSettings = {
				ASSETCATALOG_COMPILER_APPICON_NAME = AppIcon;
				ASSETCATALOG_COMPILER_GLOBAL_ACCENT_COLOR_NAME = AccentColor;
				CODE_SIGN_STYLE = Automatic;
				CURRENT_PROJECT_VERSION = 1;
				DEVELOPMENT_ASSET_PATHS = "\"skripsi-watch Watch App/Preview Content\"";
				DEVELOPMENT_TEAM = 8DNTD99SB6;
				ENABLE_PREVIEWS = YES;
				GENERATE_INFOPLIST_FILE = YES;
				INFOPLIST_FILE = "skripsi-watch-Watch-App-Info.plist";
				INFOPLIST_KEY_CFBundleDisplayName = "skripsi-watch";
				INFOPLIST_KEY_UISupportedInterfaceOrientations = "UIInterfaceOrientationPortrait UIInterfaceOrientationPortraitUpsideDown";
				INFOPLIST_KEY_WKCompanionAppBundleIdentifier = com.kuliah.skripsi;
				INFOPLIST_KEY_WKRunsIndependentlyOfCompanionApp = NO;
				LD_RUNPATH_SEARCH_PATHS = (
					"$(inherited)",
					"@executable_path/Frameworks",
				);
				MARKETING_VERSION = 1.0;
				PRODUCT_BUNDLE_IDENTIFIER = com.kuliah.skripsi.watchkitapp;
				PRODUCT_NAME = "$(TARGET_NAME)";
				SDKROOT = watchos;
				SKIP_INSTALL = YES;
				SWIFT_EMIT_LOC_STRINGS = YES;
				SWIFT_VERSION = 5.0;
				TARGETED_DEVICE_FAMILY = 4;
				WATCHOS_DEPLOYMENT_TARGET = 10.0;
			};
			name = Release;
		};
		4C731EA12ADA8B6400B60760 /* Debug */ = {
			isa = XCBuildConfiguration;
			buildSettings = {
				ALWAYS_SEARCH_USER_PATHS = NO;
				ASSETCATALOG_COMPILER_GENERATE_SWIFT_ASSET_SYMBOL_EXTENSIONS = YES;
				CLANG_ANALYZER_NONNULL = YES;
				CLANG_ANALYZER_NUMBER_OBJECT_CONVERSION = YES_AGGRESSIVE;
				CLANG_CXX_LANGUAGE_STANDARD = "gnu++20";
				CLANG_ENABLE_MODULES = YES;
				CLANG_ENABLE_OBJC_ARC = YES;
				CLANG_ENABLE_OBJC_WEAK = YES;
				CLANG_WARN_BLOCK_CAPTURE_AUTORELEASING = YES;
				CLANG_WARN_BOOL_CONVERSION = YES;
				CLANG_WARN_COMMA = YES;
				CLANG_WARN_CONSTANT_CONVERSION = YES;
				CLANG_WARN_DEPRECATED_OBJC_IMPLEMENTATIONS = YES;
				CLANG_WARN_DIRECT_OBJC_ISA_USAGE = YES_ERROR;
				CLANG_WARN_DOCUMENTATION_COMMENTS = YES;
				CLANG_WARN_EMPTY_BODY = YES;
				CLANG_WARN_ENUM_CONVERSION = YES;
				CLANG_WARN_INFINITE_RECURSION = YES;
				CLANG_WARN_INT_CONVERSION = YES;
				CLANG_WARN_NON_LITERAL_NULL_CONVERSION = YES;
				CLANG_WARN_OBJC_IMPLICIT_RETAIN_SELF = YES;
				CLANG_WARN_OBJC_LITERAL_CONVERSION = YES;
				CLANG_WARN_OBJC_ROOT_CLASS = YES_ERROR;
				CLANG_WARN_QUOTED_INCLUDE_IN_FRAMEWORK_HEADER = YES;
				CLANG_WARN_RANGE_LOOP_ANALYSIS = YES;
				CLANG_WARN_STRICT_PROTOTYPES = YES;
				CLANG_WARN_SUSPICIOUS_MOVE = YES;
				CLANG_WARN_UNGUARDED_AVAILABILITY = YES_AGGRESSIVE;
				CLANG_WARN_UNREACHABLE_CODE = YES;
				CLANG_WARN__DUPLICATE_METHOD_MATCH = YES;
				COPY_PHASE_STRIP = NO;
				DEBUG_INFORMATION_FORMAT = dwarf;
				ENABLE_STRICT_OBJC_MSGSEND = YES;
				ENABLE_TESTABILITY = YES;
				ENABLE_USER_SCRIPT_SANDBOXING = YES;
				GCC_C_LANGUAGE_STANDARD = gnu17;
				GCC_DYNAMIC_NO_PIC = NO;
				GCC_NO_COMMON_BLOCKS = YES;
				GCC_OPTIMIZATION_LEVEL = 0;
				GCC_PREPROCESSOR_DEFINITIONS = (
					"DEBUG=1",
					"$(inherited)",
				);
				GCC_WARN_64_TO_32_BIT_CONVERSION = YES;
				GCC_WARN_ABOUT_RETURN_TYPE = YES_ERROR;
				GCC_WARN_UNDECLARED_SELECTOR = YES;
				GCC_WARN_UNINITIALIZED_AUTOS = YES_AGGRESSIVE;
				GCC_WARN_UNUSED_FUNCTION = YES;
				GCC_WARN_UNUSED_VARIABLE = YES;
				IPHONEOS_DEPLOYMENT_TARGET = 17.0;
				LOCALIZATION_PREFERS_STRING_CATALOGS = YES;
				MTL_ENABLE_DEBUG_INFO = INCLUDE_SOURCE;
				MTL_FAST_MATH = YES;
				ONLY_ACTIVE_ARCH = YES;
				SDKROOT = iphoneos;
				SWIFT_ACTIVE_COMPILATION_CONDITIONS = "DEBUG $(inherited)";
				SWIFT_OPTIMIZATION_LEVEL = "-Onone";
				WATCHOS_DEPLOYMENT_TARGET = 9.0;
			};
			name = Debug;
		};
		4C731EA22ADA8B6400B60760 /* Release */ = {
			isa = XCBuildConfiguration;
			buildSettings = {
				ALWAYS_SEARCH_USER_PATHS = NO;
				ASSETCATALOG_COMPILER_GENERATE_SWIFT_ASSET_SYMBOL_EXTENSIONS = YES;
				CLANG_ANALYZER_NONNULL = YES;
				CLANG_ANALYZER_NUMBER_OBJECT_CONVERSION = YES_AGGRESSIVE;
				CLANG_CXX_LANGUAGE_STANDARD = "gnu++20";
				CLANG_ENABLE_MODULES = YES;
				CLANG_ENABLE_OBJC_ARC = YES;
				CLANG_ENABLE_OBJC_WEAK = YES;
				CLANG_WARN_BLOCK_CAPTURE_AUTORELEASING = YES;
				CLANG_WARN_BOOL_CONVERSION = YES;
				CLANG_WARN_COMMA = YES;
				CLANG_WARN_CONSTANT_CONVERSION = YES;
				CLANG_WARN_DEPRECATED_OBJC_IMPLEMENTATIONS = YES;
				CLANG_WARN_DIRECT_OBJC_ISA_USAGE = YES_ERROR;
				CLANG_WARN_DOCUMENTATION_COMMENTS = YES;
				CLANG_WARN_EMPTY_BODY = YES;
				CLANG_WARN_ENUM_CONVERSION = YES;
				CLANG_WARN_INFINITE_RECURSION = YES;
				CLANG_WARN_INT_CONVERSION = YES;
				CLANG_WARN_NON_LITERAL_NULL_CONVERSION = YES;
				CLANG_WARN_OBJC_IMPLICIT_RETAIN_SELF = YES;
				CLANG_WARN_OBJC_LITERAL_CONVERSION = YES;
				CLANG_WARN_OBJC_ROOT_CLASS = YES_ERROR;
				CLANG_WARN_QUOTED_INCLUDE_IN_FRAMEWORK_HEADER = YES;
				CLANG_WARN_RANGE_LOOP_ANALYSIS = YES;
				CLANG_WARN_STRICT_PROTOTYPES = YES;
				CLANG_WARN_SUSPICIOUS_MOVE = YES;
				CLANG_WARN_UNGUARDED_AVAILABILITY = YES_AGGRESSIVE;
				CLANG_WARN_UNREACHABLE_CODE = YES;
				CLANG_WARN__DUPLICATE_METHOD_MATCH = YES;
				COPY_PHASE_STRIP = NO;
				DEBUG_INFORMATION_FORMAT = "dwarf-with-dsym";
				ENABLE_NS_ASSERTIONS = NO;
				ENABLE_STRICT_OBJC_MSGSEND = YES;
				ENABLE_USER_SCRIPT_SANDBOXING = YES;
				GCC_C_LANGUAGE_STANDARD = gnu17;
				GCC_NO_COMMON_BLOCKS = YES;
				GCC_WARN_64_TO_32_BIT_CONVERSION = YES;
				GCC_WARN_ABOUT_RETURN_TYPE = YES_ERROR;
				GCC_WARN_UNDECLARED_SELECTOR = YES;
				GCC_WARN_UNINITIALIZED_AUTOS = YES_AGGRESSIVE;
				GCC_WARN_UNUSED_FUNCTION = YES;
				GCC_WARN_UNUSED_VARIABLE = YES;
				IPHONEOS_DEPLOYMENT_TARGET = 17.0;
				LOCALIZATION_PREFERS_STRING_CATALOGS = YES;
				MTL_ENABLE_DEBUG_INFO = NO;
				MTL_FAST_MATH = YES;
				SDKROOT = iphoneos;
				SWIFT_COMPILATION_MODE = wholemodule;
				VALIDATE_PRODUCT = YES;
				WATCHOS_DEPLOYMENT_TARGET = 9.0;
			};
			name = Release;
		};
		4C731EA42ADA8B6400B60760 /* Debug */ = {
			isa = XCBuildConfiguration;
			buildSettings = {
				ALWAYS_EMBED_SWIFT_STANDARD_LIBRARIES = YES;
				ASSETCATALOG_COMPILER_APPICON_NAME = AppIcon;
				ASSETCATALOG_COMPILER_GLOBAL_ACCENT_COLOR_NAME = AccentColor;
				CODE_SIGN_STYLE = Automatic;
				CURRENT_PROJECT_VERSION = 1;
				DEVELOPMENT_ASSET_PATHS = "\"skripsi/Resources/Preview Content\"";
				DEVELOPMENT_TEAM = 8DNTD99SB6;
				ENABLE_PREVIEWS = YES;
				GENERATE_INFOPLIST_FILE = YES;
				INFOPLIST_FILE = skripsi/Info.plist;
				INFOPLIST_KEY_NSCameraUsageDescription = "SwiftCamera needs access to your camera to capture photo and video";
				INFOPLIST_KEY_NSPhotoLibraryUsageDescription = "SwiftCamera captures photos and saves them into your photo library";
				INFOPLIST_KEY_UIApplicationSceneManifest_Generation = YES;
				INFOPLIST_KEY_UIApplicationSupportsIndirectInputEvents = YES;
				INFOPLIST_KEY_UILaunchScreen_Generation = YES;
				INFOPLIST_KEY_UISupportedInterfaceOrientations_iPad = "UIInterfaceOrientationPortrait UIInterfaceOrientationPortraitUpsideDown UIInterfaceOrientationLandscapeLeft UIInterfaceOrientationLandscapeRight";
				INFOPLIST_KEY_UISupportedInterfaceOrientations_iPhone = "UIInterfaceOrientationPortrait UIInterfaceOrientationLandscapeLeft UIInterfaceOrientationLandscapeRight";
				LD_RUNPATH_SEARCH_PATHS = (
					"$(inherited)",
					"@executable_path/Frameworks",
				);
				MARKETING_VERSION = 1.0;
				PRODUCT_BUNDLE_IDENTIFIER = com.kuliah.skripsi;
				PRODUCT_NAME = "$(TARGET_NAME)";
				SWIFT_EMIT_LOC_STRINGS = YES;
				SWIFT_VERSION = 5.0;
				TARGETED_DEVICE_FAMILY = "1,2";
			};
			name = Debug;
		};
		4C731EA52ADA8B6400B60760 /* Release */ = {
			isa = XCBuildConfiguration;
			buildSettings = {
				ALWAYS_EMBED_SWIFT_STANDARD_LIBRARIES = YES;
				ASSETCATALOG_COMPILER_APPICON_NAME = AppIcon;
				ASSETCATALOG_COMPILER_GLOBAL_ACCENT_COLOR_NAME = AccentColor;
				CODE_SIGN_STYLE = Automatic;
				CURRENT_PROJECT_VERSION = 1;
				DEVELOPMENT_ASSET_PATHS = "\"skripsi/Resources/Preview Content\"";
				DEVELOPMENT_TEAM = 8DNTD99SB6;
				ENABLE_PREVIEWS = YES;
				GENERATE_INFOPLIST_FILE = YES;
				INFOPLIST_FILE = skripsi/Info.plist;
				INFOPLIST_KEY_NSCameraUsageDescription = "SwiftCamera needs access to your camera to capture photo and video";
				INFOPLIST_KEY_NSPhotoLibraryUsageDescription = "SwiftCamera captures photos and saves them into your photo library";
				INFOPLIST_KEY_UIApplicationSceneManifest_Generation = YES;
				INFOPLIST_KEY_UIApplicationSupportsIndirectInputEvents = YES;
				INFOPLIST_KEY_UILaunchScreen_Generation = YES;
				INFOPLIST_KEY_UISupportedInterfaceOrientations_iPad = "UIInterfaceOrientationPortrait UIInterfaceOrientationPortraitUpsideDown UIInterfaceOrientationLandscapeLeft UIInterfaceOrientationLandscapeRight";
				INFOPLIST_KEY_UISupportedInterfaceOrientations_iPhone = "UIInterfaceOrientationPortrait UIInterfaceOrientationLandscapeLeft UIInterfaceOrientationLandscapeRight";
				LD_RUNPATH_SEARCH_PATHS = (
					"$(inherited)",
					"@executable_path/Frameworks",
				);
				MARKETING_VERSION = 1.0;
				PRODUCT_BUNDLE_IDENTIFIER = com.kuliah.skripsi;
				PRODUCT_NAME = "$(TARGET_NAME)";
				SWIFT_EMIT_LOC_STRINGS = YES;
				SWIFT_VERSION = 5.0;
				TARGETED_DEVICE_FAMILY = "1,2";
			};
			name = Release;
		};
/* End XCBuildConfiguration section */

/* Begin XCConfigurationList section */
		4C3AE5442B32C32300C36EEB /* Build configuration list for PBXNativeTarget "skripsi-watch Watch App" */ = {
			isa = XCConfigurationList;
			buildConfigurations = (
				4C3AE5452B32C32300C36EEB /* Debug */,
				4C3AE5462B32C32300C36EEB /* Release */,
			);
			defaultConfigurationIsVisible = 0;
			defaultConfigurationName = Release;
		};
		4C731E902ADA8B6300B60760 /* Build configuration list for PBXProject "skripsi" */ = {
			isa = XCConfigurationList;
			buildConfigurations = (
				4C731EA12ADA8B6400B60760 /* Debug */,
				4C731EA22ADA8B6400B60760 /* Release */,
			);
			defaultConfigurationIsVisible = 0;
			defaultConfigurationName = Release;
		};
		4C731EA32ADA8B6400B60760 /* Build configuration list for PBXNativeTarget "skripsi" */ = {
			isa = XCConfigurationList;
			buildConfigurations = (
				4C731EA42ADA8B6400B60760 /* Debug */,
				4C731EA52ADA8B6400B60760 /* Release */,
			);
			defaultConfigurationIsVisible = 0;
			defaultConfigurationName = Release;
		};
/* End XCConfigurationList section */

/* Begin XCRemoteSwiftPackageReference section */
		4C98BEDB2AE5737700482D25 /* XCRemoteSwiftPackageReference "firebase-ios-sdk" */ = {
			isa = XCRemoteSwiftPackageReference;
			repositoryURL = "https://github.com/firebase/firebase-ios-sdk.git";
			requirement = {
				kind = exactVersion;
				version = 10.16.0;
			};
		};
		4CE238A12AEB9321003D3562 /* XCRemoteSwiftPackageReference "Alamofire" */ = {
			isa = XCRemoteSwiftPackageReference;
			repositoryURL = "https://github.com/Alamofire/Alamofire.git";
			requirement = {
				kind = exactVersion;
				version = 5.8.1;
			};
		};
/* End XCRemoteSwiftPackageReference section */

/* Begin XCSwiftPackageProductDependency section */
		4C3F7FB12B351ECA00D3AD57 /* Alamofire */ = {
			isa = XCSwiftPackageProductDependency;
			package = 4CE238A12AEB9321003D3562 /* XCRemoteSwiftPackageReference "Alamofire" */;
			productName = Alamofire;
		};
		4C3F7FB32B351EF800D3AD57 /* FirebaseAnalytics */ = {
			isa = XCSwiftPackageProductDependency;
			package = 4C98BEDB2AE5737700482D25 /* XCRemoteSwiftPackageReference "firebase-ios-sdk" */;
			productName = FirebaseAnalytics;
		};
		4C3F7FB52B351EF800D3AD57 /* FirebaseAnalyticsSwift */ = {
			isa = XCSwiftPackageProductDependency;
			package = 4C98BEDB2AE5737700482D25 /* XCRemoteSwiftPackageReference "firebase-ios-sdk" */;
			productName = FirebaseAnalyticsSwift;
		};
		4C3F7FB72B351EF800D3AD57 /* FirebaseAppCheck */ = {
			isa = XCSwiftPackageProductDependency;
			package = 4C98BEDB2AE5737700482D25 /* XCRemoteSwiftPackageReference "firebase-ios-sdk" */;
			productName = FirebaseAppCheck;
		};
		4C3F7FB92B351EF800D3AD57 /* FirebaseAuth */ = {
			isa = XCSwiftPackageProductDependency;
			package = 4C98BEDB2AE5737700482D25 /* XCRemoteSwiftPackageReference "firebase-ios-sdk" */;
			productName = FirebaseAuth;
		};
		4C3F7FBB2B351EF800D3AD57 /* FirebaseFirestore */ = {
			isa = XCSwiftPackageProductDependency;
			package = 4C98BEDB2AE5737700482D25 /* XCRemoteSwiftPackageReference "firebase-ios-sdk" */;
			productName = FirebaseFirestore;
		};
		4C3F7FBD2B351EF800D3AD57 /* FirebaseFirestoreSwift */ = {
			isa = XCSwiftPackageProductDependency;
			package = 4C98BEDB2AE5737700482D25 /* XCRemoteSwiftPackageReference "firebase-ios-sdk" */;
			productName = FirebaseFirestoreSwift;
		};
		4C3F7FBF2B351EF800D3AD57 /* FirebaseStorage */ = {
			isa = XCSwiftPackageProductDependency;
			package = 4C98BEDB2AE5737700482D25 /* XCRemoteSwiftPackageReference "firebase-ios-sdk" */;
			productName = FirebaseStorage;
		};
/* End XCSwiftPackageProductDependency section */
	};
	rootObject = 4C731E8D2ADA8B6300B60760 /* Project object */;
}
